{
  "name": "Finance-Dashboard-MERN",
  "lockfileVersion": 3,
  "requires": true,
  "packages": {
    "": {
      "dependencies": {
        "regression": "^2.0.1"
      },
      "devDependencies": {
        "@types/regression": "^2.0.2"
      }
    },
    "node_modules/@types/regression": {
      "version": "2.0.2",
      "resolved": "https://registry.npmjs.org/@types/regression/-/regression-2.0.2.tgz",
      "integrity": "sha512-i7KOGl6xdkfpq5+p2ooC+/XFIRUMkYymZ29SD8p+Ko9lesKGUsh6860ey3YM7Y+ZG7kEDGcjzyLO3sOhozqEeA==",
      "dev": true
    },
    "node_modules/regression": {
      "version": "2.0.1",
      "resolved": "https://registry.npmjs.org/regression/-/regression-2.0.1.tgz",
      "integrity": "sha512-A4XYsc37dsBaNOgEjkJKzfJlE394IMmUPlI/p3TTI9u3T+2a+eox5Pr/CPUqF0eszeWZJPAc6QkroAhuUpWDJQ=="
    }
  }
}
